
Microsoft Visual Studio Solution File, Format Version 12.00
# Visual Studio Version 17
VisualStudioVersion = 17.9.34728.123
MinimumVisualStudioVersion = 10.0.40219.1
Project("{FAE04EC0-301F-11D3-BF4B-00C04F79EFBC}") = "laboratorio2", "laboratorio2\laboratorio2.csproj", "{26B47C3C-4155-43DE-92B2-5129D307086F}"
EndProject
Global
	GlobalSection(SolutionConfigurationPlatforms) = preSolution
		Debug|Any CPU = Debug|Any CPU
		Release|Any CPU = Release|Any CPU
	EndGlobalSection
	GlobalSection(ProjectConfigurationPlatforms) = postSolution
		{26B47C3C-4155-43DE-92B2-5129D307086F}.Debug|Any CPU.ActiveCfg = Debug|Any CPU
		{26B47C3C-4155-43DE-92B2-5129D307086F}.Debug|Any CPU.Build.0 = Debug|Any CPU
		{26B47C3C-4155-43DE-92B2-5129D307086F}.Release|Any CPU.ActiveCfg = Release|Any CPU
		{26B47C3C-4155-43DE-92B2-5129D307086F}.Release|Any CPU.Build.0 = Release|Any CPU
	EndGlobalSection
	GlobalSection(SolutionProperties) = preSolution
		HideSolutionNode = FALSE
	EndGlobalSection
	GlobalSection(ExtensibilityGlobals) = postSolution
		SolutionGuid = {3067B23D-3072-46FF-9587-266E26CA043F}
	EndGlobalSection
EndGlobal
